// !$*UTF8*$!
{
	archiveVersion = 1;
	classes = {
	};
	objectVersion = 45;
	objects = {

/* Begin PBXBuildFile section */
		1DDD58160DA1D0A300B32029 /* MainMenu.xib in Resources */ = {isa = PBXBuildFile; fileRef = 1DDD58140DA1D0A300B32029 /* MainMenu.xib */; };
		256AC3DA0F4B6AC300CF3369 /* MilkMaidAppDelegate.m in Sources */ = {isa = PBXBuildFile; fileRef = 256AC3D90F4B6AC300CF3369 /* MilkMaidAppDelegate.m */; };
		762EAA2B113ACB8E0093921D /* MilkMaidWindowController.m in Sources */ = {isa = PBXBuildFile; fileRef = 762EAA2A113ACB8E0093921D /* MilkMaidWindowController.m */; };
		762EAB05113AD8FF0093921D /* MilkMaid.xib in Resources */ = {isa = PBXBuildFile; fileRef = 762EAB04113AD8FF0093921D /* MilkMaid.xib */; };
		767A8743112AF51E00A77326 /* MultiAdd.xib in Resources */ = {isa = PBXBuildFile; fileRef = 767A8742112AF51E00A77326 /* MultiAdd.xib */; };
		767A8758112AF58E00A77326 /* MultiAddWindowController.m in Sources */ = {isa = PBXBuildFile; fileRef = 767A8757112AF58E00A77326 /* MultiAddWindowController.m */; };
		76DF8422113B687400B2A3B2 /* ComboInput.xib in Resources */ = {isa = PBXBuildFile; fileRef = 76DF8421113B687400B2A3B2 /* ComboInput.xib */; };
		76DF8434113B693900B2A3B2 /* ComboInputWindowController.m in Sources */ = {isa = PBXBuildFile; fileRef = 76DF8433113B693900B2A3B2 /* ComboInputWindowController.m */; };
		76EA44521111650700E10B8A /* BWToolkitFramework.framework in Frameworks */ = {isa = PBXBuildFile; fileRef = 76EA44511111650700E10B8A /* BWToolkitFramework.framework */; };
		76EA44561111652500E10B8A /* BWToolkitFramework.framework in CopyFiles */ = {isa = PBXBuildFile; fileRef = 76EA44511111650700E10B8A /* BWToolkitFramework.framework */; };
		76EA44A4111167A500E10B8A /* EVRZRtmApi.m in Sources */ = {isa = PBXBuildFile; fileRef = 76EA44A3111167A500E10B8A /* EVRZRtmApi.m */; };
		76EA44BF1111682E00E10B8A /* NSObject+SBJSON.m in Sources */ = {isa = PBXBuildFile; fileRef = 76EA44B41111682E00E10B8A /* NSObject+SBJSON.m */; };
		76EA44C01111682E00E10B8A /* NSString+SBJSON.m in Sources */ = {isa = PBXBuildFile; fileRef = 76EA44B61111682E00E10B8A /* NSString+SBJSON.m */; };
		76EA44C11111682E00E10B8A /* SBJSON.m in Sources */ = {isa = PBXBuildFile; fileRef = 76EA44B81111682E00E10B8A /* SBJSON.m */; };
		76EA44C21111682E00E10B8A /* SBJsonBase.m in Sources */ = {isa = PBXBuildFile; fileRef = 76EA44BA1111682E00E10B8A /* SBJsonBase.m */; };
		76EA44C31111682E00E10B8A /* SBJsonParser.m in Sources */ = {isa = PBXBuildFile; fileRef = 76EA44BC1111682E00E10B8A /* SBJsonParser.m */; };
		76EA44C41111682E00E10B8A /* SBJsonWriter.m in Sources */ = {isa = PBXBuildFile; fileRef = 76EA44BE1111682E00E10B8A /* SBJsonWriter.m */; };
		76F79643111DD45900FD7EFB /* dsa_pub.pem in Resources */ = {isa = PBXBuildFile; fileRef = 76F79642111DD45900FD7EFB /* dsa_pub.pem */; };
		76FD5BB611415A04004C2E10 /* Sparkle.framework in Frameworks */ = {isa = PBXBuildFile; fileRef = 76FD5BB511415A04004C2E10 /* Sparkle.framework */; };
		8D11072B0486CEB800E47090 /* InfoPlist.strings in Resources */ = {isa = PBXBuildFile; fileRef = 089C165CFE840E0CC02AAC07 /* InfoPlist.strings */; };
		8D11072D0486CEB800E47090 /* main.m in Sources */ = {isa = PBXBuildFile; fileRef = 29B97316FDCFA39411CA2CEA /* main.m */; settings = {ATTRIBUTES = (); }; };
		8D11072F0486CEB800E47090 /* Cocoa.framework in Frameworks */ = {isa = PBXBuildFile; fileRef = 1058C7A1FEA54F0111CA2CBB /* Cocoa.framework */; };
		C9041E77111280A200D0C6A3 /* RTMHelper.m in Sources */ = {isa = PBXBuildFile; fileRef = C9041E76111280A200D0C6A3 /* RTMHelper.m */; };
		C927F87B1120FC1B00EA191B /* rtm2.icns in Resources */ = {isa = PBXBuildFile; fileRef = C927F87A1120FC1B00EA191B /* rtm2.icns */; };
		C9A02F2C111BF11F00ACBFE1 /* NSDateHelper.m in Sources */ = {isa = PBXBuildFile; fileRef = C9A02F2A111BF11F00ACBFE1 /* NSDateHelper.m */; };
		C9AF1F771116999500BC2280 /* TransparentTableViewCell.m in Sources */ = {isa = PBXBuildFile; fileRef = C9AF1F751116999500BC2280 /* TransparentTableViewCell.m */; };
		C9AF203E1116A44D00BC2280 /* rtm.icns in Resources */ = {isa = PBXBuildFile; fileRef = C9AF203D1116A44D00BC2280 /* rtm.icns */; };
		C9C148F0113B1AA400F292B7 /* MilkMaidPanel.m in Sources */ = {isa = PBXBuildFile; fileRef = C9C148EF113B1AA400F292B7 /* MilkMaidPanel.m */; };
		C9F45ECC112B727E00F48377 /* priority1.png in Resources */ = {isa = PBXBuildFile; fileRef = C9F45ECB112B727D00F48377 /* priority1.png */; };
		C9F45EDE112B74E100F48377 /* priority2.png in Resources */ = {isa = PBXBuildFile; fileRef = C9F45EDC112B74E100F48377 /* priority2.png */; };
		C9F45EDF112B74E100F48377 /* priority3.png in Resources */ = {isa = PBXBuildFile; fileRef = C9F45EDD112B74E100F48377 /* priority3.png */; };
		C9F70849111653CE00D3BB5B /* YRKSpinningProgressIndicator.m in Sources */ = {isa = PBXBuildFile; fileRef = C9F70848111653CE00D3BB5B /* YRKSpinningProgressIndicator.m */; };
		C9FBE61F1123D73300115FFF /* SingleInput.xib in Resources */ = {isa = PBXBuildFile; fileRef = C9FBE61E1123D73300115FFF /* SingleInput.xib */; };
		C9FBE6251123D98600115FFF /* SingleInputWindowController.m in Sources */ = {isa = PBXBuildFile; fileRef = C9FBE6241123D98600115FFF /* SingleInputWindowController.m */; };
/* End PBXBuildFile section */

/* Begin PBXCopyFilesBuildPhase section */
		76EA44921111653100E10B8A /* CopyFiles */ = {
			isa = PBXCopyFilesBuildPhase;
			buildActionMask = 2147483647;
			dstPath = "";
			dstSubfolderSpec = 10;
			files = (
				76EA44561111652500E10B8A /* BWToolkitFramework.framework in CopyFiles */,
			);
			runOnlyForDeploymentPostprocessing = 0;
		};
/* End PBXCopyFilesBuildPhase section */

/* Begin PBXFileReference section */
		089C165DFE840E0CC02AAC07 /* English */ = {isa = PBXFileReference; fileEncoding = 4; lastKnownFileType = text.plist.strings; name = English; path = English.lproj/InfoPlist.strings; sourceTree = "<group>"; };
		1058C7A1FEA54F0111CA2CBB /* Cocoa.framework */ = {isa = PBXFileReference; lastKnownFileType = wrapper.framework; name = Cocoa.framework; path = /System/Library/Frameworks/Cocoa.framework; sourceTree = "<absolute>"; };
		13E42FB307B3F0F600E4EEF1 /* CoreData.framework */ = {isa = PBXFileReference; lastKnownFileType = wrapper.framework; name = CoreData.framework; path = /System/Library/Frameworks/CoreData.framework; sourceTree = "<absolute>"; };
		1DDD58150DA1D0A300B32029 /* English */ = {isa = PBXFileReference; lastKnownFileType = file.xib; name = English; path = English.lproj/MainMenu.xib; sourceTree = "<group>"; };
		256AC3D80F4B6AC300CF3369 /* MilkMaidAppDelegate.h */ = {isa = PBXFileReference; fileEncoding = 4; lastKnownFileType = sourcecode.c.h; path = MilkMaidAppDelegate.h; sourceTree = "<group>"; };
		256AC3D90F4B6AC300CF3369 /* MilkMaidAppDelegate.m */ = {isa = PBXFileReference; fileEncoding = 4; lastKnownFileType = sourcecode.c.objc; path = MilkMaidAppDelegate.m; sourceTree = "<group>"; };
		256AC3F00F4B6AF500CF3369 /* MilkMaid_Prefix.pch */ = {isa = PBXFileReference; fileEncoding = 4; lastKnownFileType = sourcecode.c.h; path = MilkMaid_Prefix.pch; sourceTree = "<group>"; };
		29B97316FDCFA39411CA2CEA /* main.m */ = {isa = PBXFileReference; fileEncoding = 4; lastKnownFileType = sourcecode.c.objc; path = main.m; sourceTree = "<group>"; };
		29B97324FDCFA39411CA2CEA /* AppKit.framework */ = {isa = PBXFileReference; lastKnownFileType = wrapper.framework; name = AppKit.framework; path = /System/Library/Frameworks/AppKit.framework; sourceTree = "<absolute>"; };
		29B97325FDCFA39411CA2CEA /* Foundation.framework */ = {isa = PBXFileReference; lastKnownFileType = wrapper.framework; name = Foundation.framework; path = /System/Library/Frameworks/Foundation.framework; sourceTree = "<absolute>"; };
		761FD26D1129B7CE00A06E9B /* MilkMaid.app */ = {isa = PBXFileReference; explicitFileType = wrapper.application; includeInIndex = 0; path = MilkMaid.app; sourceTree = BUILT_PRODUCTS_DIR; };
		762EAA29113ACB8E0093921D /* MilkMaidWindowController.h */ = {isa = PBXFileReference; fileEncoding = 4; lastKnownFileType = sourcecode.c.h; path = MilkMaidWindowController.h; sourceTree = "<group>"; };
		762EAA2A113ACB8E0093921D /* MilkMaidWindowController.m */ = {isa = PBXFileReference; fileEncoding = 4; lastKnownFileType = sourcecode.c.objc; path = MilkMaidWindowController.m; sourceTree = "<group>"; };
		762EAB04113AD8FF0093921D /* MilkMaid.xib */ = {isa = PBXFileReference; lastKnownFileType = file.xib; path = MilkMaid.xib; sourceTree = "<group>"; };
		767A8742112AF51E00A77326 /* MultiAdd.xib */ = {isa = PBXFileReference; lastKnownFileType = file.xib; path = MultiAdd.xib; sourceTree = "<group>"; };
		767A8756112AF58E00A77326 /* MultiAddWindowController.h */ = {isa = PBXFileReference; fileEncoding = 4; lastKnownFileType = sourcecode.c.h; path = MultiAddWindowController.h; sourceTree = "<group>"; };
		767A8757112AF58E00A77326 /* MultiAddWindowController.m */ = {isa = PBXFileReference; fileEncoding = 4; lastKnownFileType = sourcecode.c.objc; path = MultiAddWindowController.m; sourceTree = "<group>"; };
		76DF8421113B687400B2A3B2 /* ComboInput.xib */ = {isa = PBXFileReference; lastKnownFileType = file.xib; path = ComboInput.xib; sourceTree = "<group>"; };
		76DF8432113B693900B2A3B2 /* ComboInputWindowController.h */ = {isa = PBXFileReference; fileEncoding = 4; lastKnownFileType = sourcecode.c.h; path = ComboInputWindowController.h; sourceTree = "<group>"; };
		76DF8433113B693900B2A3B2 /* ComboInputWindowController.m */ = {isa = PBXFileReference; fileEncoding = 4; lastKnownFileType = sourcecode.c.objc; path = ComboInputWindowController.m; sourceTree = "<group>"; };
		76EA44511111650700E10B8A /* BWToolkitFramework.framework */ = {isa = PBXFileReference; lastKnownFileType = wrapper.framework; name = BWToolkitFramework.framework; path = ../../../lib/BWToolkit/BWToolkitFramework.framework; sourceTree = SOURCE_ROOT; };
		76EA44A2111167A500E10B8A /* EVRZRtmApi.h */ = {isa = PBXFileReference; fileEncoding = 4; lastKnownFileType = sourcecode.c.h; path = EVRZRtmApi.h; sourceTree = "<group>"; };
		76EA44A3111167A500E10B8A /* EVRZRtmApi.m */ = {isa = PBXFileReference; fileEncoding = 4; lastKnownFileType = sourcecode.c.objc; path = EVRZRtmApi.m; sourceTree = "<group>"; };
		76EA44B21111682E00E10B8A /* JSON.h */ = {isa = PBXFileReference; fileEncoding = 4; lastKnownFileType = sourcecode.c.h; path = JSON.h; sourceTree = "<group>"; };
		76EA44B31111682E00E10B8A /* NSObject+SBJSON.h */ = {isa = PBXFileReference; fileEncoding = 4; lastKnownFileType = sourcecode.c.h; path = "NSObject+SBJSON.h"; sourceTree = "<group>"; };
		76EA44B41111682E00E10B8A /* NSObject+SBJSON.m */ = {isa = PBXFileReference; fileEncoding = 4; lastKnownFileType = sourcecode.c.objc; path = "NSObject+SBJSON.m"; sourceTree = "<group>"; };
		76EA44B51111682E00E10B8A /* NSString+SBJSON.h */ = {isa = PBXFileReference; fileEncoding = 4; lastKnownFileType = sourcecode.c.h; path = "NSString+SBJSON.h"; sourceTree = "<group>"; };
		76EA44B61111682E00E10B8A /* NSString+SBJSON.m */ = {isa = PBXFileReference; fileEncoding = 4; lastKnownFileType = sourcecode.c.objc; path = "NSString+SBJSON.m"; sourceTree = "<group>"; };
		76EA44B71111682E00E10B8A /* SBJSON.h */ = {isa = PBXFileReference; fileEncoding = 4; lastKnownFileType = sourcecode.c.h; path = SBJSON.h; sourceTree = "<group>"; };
		76EA44B81111682E00E10B8A /* SBJSON.m */ = {isa = PBXFileReference; fileEncoding = 4; lastKnownFileType = sourcecode.c.objc; path = SBJSON.m; sourceTree = "<group>"; };
		76EA44B91111682E00E10B8A /* SBJsonBase.h */ = {isa = PBXFileReference; fileEncoding = 4; lastKnownFileType = sourcecode.c.h; path = SBJsonBase.h; sourceTree = "<group>"; };
		76EA44BA1111682E00E10B8A /* SBJsonBase.m */ = {isa = PBXFileReference; fileEncoding = 4; lastKnownFileType = sourcecode.c.objc; path = SBJsonBase.m; sourceTree = "<group>"; };
		76EA44BB1111682E00E10B8A /* SBJsonParser.h */ = {isa = PBXFileReference; fileEncoding = 4; lastKnownFileType = sourcecode.c.h; path = SBJsonParser.h; sourceTree = "<group>"; };
		76EA44BC1111682E00E10B8A /* SBJsonParser.m */ = {isa = PBXFileReference; fileEncoding = 4; lastKnownFileType = sourcecode.c.objc; path = SBJsonParser.m; sourceTree = "<group>"; };
		76EA44BD1111682E00E10B8A /* SBJsonWriter.h */ = {isa = PBXFileReference; fileEncoding = 4; lastKnownFileType = sourcecode.c.h; path = SBJsonWriter.h; sourceTree = "<group>"; };
		76EA44BE1111682E00E10B8A /* SBJsonWriter.m */ = {isa = PBXFileReference; fileEncoding = 4; lastKnownFileType = sourcecode.c.objc; path = SBJsonWriter.m; sourceTree = "<group>"; };
		76F79642111DD45900FD7EFB /* dsa_pub.pem */ = {isa = PBXFileReference; fileEncoding = 4; lastKnownFileType = text; path = dsa_pub.pem; sourceTree = "<group>"; };
		76FD5BB511415A04004C2E10 /* Sparkle.framework */ = {isa = PBXFileReference; lastKnownFileType = wrapper.framework; path = Sparkle.framework; sourceTree = "<group>"; };
		8D1107310486CEB800E47090 /* MilkMaid-Info.plist */ = {isa = PBXFileReference; fileEncoding = 4; lastKnownFileType = text.plist.xml; path = "MilkMaid-Info.plist"; sourceTree = "<group>"; };
		C9041E75111280A200D0C6A3 /* RTMHelper.h */ = {isa = PBXFileReference; fileEncoding = 4; lastKnownFileType = sourcecode.c.h; path = RTMHelper.h; sourceTree = "<group>"; };
		C9041E76111280A200D0C6A3 /* RTMHelper.m */ = {isa = PBXFileReference; fileEncoding = 4; lastKnownFileType = sourcecode.c.objc; path = RTMHelper.m; sourceTree = "<group>"; };
		C927F87A1120FC1B00EA191B /* rtm2.icns */ = {isa = PBXFileReference; lastKnownFileType = image.icns; path = rtm2.icns; sourceTree = "<group>"; };
		C9A02F2A111BF11F00ACBFE1 /* NSDateHelper.m */ = {isa = PBXFileReference; fileEncoding = 4; lastKnownFileType = sourcecode.c.objc; path = NSDateHelper.m; sourceTree = "<group>"; };
		C9A02F2B111BF11F00ACBFE1 /* NSDateHelper.h */ = {isa = PBXFileReference; fileEncoding = 4; lastKnownFileType = sourcecode.c.h; path = NSDateHelper.h; sourceTree = "<group>"; };
		C9AF1F751116999500BC2280 /* TransparentTableViewCell.m */ = {isa = PBXFileReference; fileEncoding = 4; lastKnownFileType = sourcecode.c.objc; path = TransparentTableViewCell.m; sourceTree = "<group>"; };
		C9AF1F761116999500BC2280 /* TransparentTableViewCell.h */ = {isa = PBXFileReference; fileEncoding = 4; lastKnownFileType = sourcecode.c.h; path = TransparentTableViewCell.h; sourceTree = "<group>"; };
		C9AF203D1116A44D00BC2280 /* rtm.icns */ = {isa = PBXFileReference; lastKnownFileType = image.icns; path = rtm.icns; sourceTree = "<group>"; };
		C9C148EE113B1AA400F292B7 /* MilkMaidPanel.h */ = {isa = PBXFileReference; fileEncoding = 4; lastKnownFileType = sourcecode.c.h; path = MilkMaidPanel.h; sourceTree = "<group>"; };
		C9C148EF113B1AA400F292B7 /* MilkMaidPanel.m */ = {isa = PBXFileReference; fileEncoding = 4; lastKnownFileType = sourcecode.c.objc; path = MilkMaidPanel.m; sourceTree = "<group>"; };
		C9F45ECB112B727D00F48377 /* priority1.png */ = {isa = PBXFileReference; lastKnownFileType = image.png; path = priority1.png; sourceTree = "<group>"; };
		C9F45EDC112B74E100F48377 /* priority2.png */ = {isa = PBXFileReference; lastKnownFileType = image.png; path = priority2.png; sourceTree = "<group>"; };
		C9F45EDD112B74E100F48377 /* priority3.png */ = {isa = PBXFileReference; lastKnownFileType = image.png; path = priority3.png; sourceTree = "<group>"; };
		C9F70847111653CE00D3BB5B /* YRKSpinningProgressIndicator.h */ = {isa = PBXFileReference; fileEncoding = 4; lastKnownFileType = sourcecode.c.h; path = YRKSpinningProgressIndicator.h; sourceTree = "<group>"; };
		C9F70848111653CE00D3BB5B /* YRKSpinningProgressIndicator.m */ = {isa = PBXFileReference; fileEncoding = 4; lastKnownFileType = sourcecode.c.objc; path = YRKSpinningProgressIndicator.m; sourceTree = "<group>"; };
		C9FBE61E1123D73300115FFF /* SingleInput.xib */ = {isa = PBXFileReference; lastKnownFileType = file.xib; path = SingleInput.xib; sourceTree = "<group>"; };
		C9FBE6231123D98600115FFF /* SingleInputWindowController.h */ = {isa = PBXFileReference; fileEncoding = 4; lastKnownFileType = sourcecode.c.h; path = SingleInputWindowController.h; sourceTree = "<group>"; };
		C9FBE6241123D98600115FFF /* SingleInputWindowController.m */ = {isa = PBXFileReference; fileEncoding = 4; lastKnownFileType = sourcecode.c.objc; path = SingleInputWindowController.m; sourceTree = "<group>"; };
/* End PBXFileReference section */

/* Begin PBXFrameworksBuildPhase section */
		8D11072E0486CEB800E47090 /* Frameworks */ = {
			isa = PBXFrameworksBuildPhase;
			buildActionMask = 2147483647;
			files = (
				8D11072F0486CEB800E47090 /* Cocoa.framework in Frameworks */,
				76EA44521111650700E10B8A /* BWToolkitFramework.framework in Frameworks */,
				76FD5BB611415A04004C2E10 /* Sparkle.framework in Frameworks */,
			);
			runOnlyForDeploymentPostprocessing = 0;
		};
/* End PBXFrameworksBuildPhase section */

/* Begin PBXGroup section */
		080E96DDFE201D6D7F000001 /* Classes */ = {
			isa = PBXGroup;
			children = (
				76EA44B11111682E00E10B8A /* JSON */,
				76EA44A2111167A500E10B8A /* EVRZRtmApi.h */,
				76EA44A3111167A500E10B8A /* EVRZRtmApi.m */,
				256AC3D80F4B6AC300CF3369 /* MilkMaidAppDelegate.h */,
				256AC3D90F4B6AC300CF3369 /* MilkMaidAppDelegate.m */,
				C9041E75111280A200D0C6A3 /* RTMHelper.h */,
				C9041E76111280A200D0C6A3 /* RTMHelper.m */,
				C9AF1F761116999500BC2280 /* TransparentTableViewCell.h */,
				C9AF1F751116999500BC2280 /* TransparentTableViewCell.m */,
				C9F70847111653CE00D3BB5B /* YRKSpinningProgressIndicator.h */,
				C9F70848111653CE00D3BB5B /* YRKSpinningProgressIndicator.m */,
				C9A02F2B111BF11F00ACBFE1 /* NSDateHelper.h */,
				C9A02F2A111BF11F00ACBFE1 /* NSDateHelper.m */,
				C9FBE6231123D98600115FFF /* SingleInputWindowController.h */,
				C9FBE6241123D98600115FFF /* SingleInputWindowController.m */,
				767A8756112AF58E00A77326 /* MultiAddWindowController.h */,
				767A8757112AF58E00A77326 /* MultiAddWindowController.m */,
				762EAA29113ACB8E0093921D /* MilkMaidWindowController.h */,
				762EAA2A113ACB8E0093921D /* MilkMaidWindowController.m */,
				C9C148EE113B1AA400F292B7 /* MilkMaidPanel.h */,
				C9C148EF113B1AA400F292B7 /* MilkMaidPanel.m */,
				76DF8432113B693900B2A3B2 /* ComboInputWindowController.h */,
				76DF8433113B693900B2A3B2 /* ComboInputWindowController.m */,
			);
			name = Classes;
			sourceTree = "<group>";
		};
		1058C7A0FEA54F0111CA2CBB /* Linked Frameworks */ = {
			isa = PBXGroup;
			children = (
				76FD5BB511415A04004C2E10 /* Sparkle.framework */,
				1058C7A1FEA54F0111CA2CBB /* Cocoa.framework */,
				76EA44511111650700E10B8A /* BWToolkitFramework.framework */,
			);
			name = "Linked Frameworks";
			sourceTree = "<group>";
		};
		1058C7A2FEA54F0111CA2CBB /* Other Frameworks */ = {
			isa = PBXGroup;
			children = (
				29B97324FDCFA39411CA2CEA /* AppKit.framework */,
				13E42FB307B3F0F600E4EEF1 /* CoreData.framework */,
				29B97325FDCFA39411CA2CEA /* Foundation.framework */,
			);
			name = "Other Frameworks";
			sourceTree = "<group>";
		};
		19C28FACFE9D520D11CA2CBB /* Products */ = {
			isa = PBXGroup;
			children = (
				761FD26D1129B7CE00A06E9B /* MilkMaid.app */,
			);
			name = Products;
			sourceTree = "<group>";
		};
		29B97314FDCFA39411CA2CEA /* MilkMaid */ = {
			isa = PBXGroup;
			children = (
				080E96DDFE201D6D7F000001 /* Classes */,
				29B97315FDCFA39411CA2CEA /* Other Sources */,
				29B97317FDCFA39411CA2CEA /* Resources */,
				29B97323FDCFA39411CA2CEA /* Frameworks */,
				19C28FACFE9D520D11CA2CBB /* Products */,
			);
			name = MilkMaid;
			sourceTree = "<group>";
		};
		29B97315FDCFA39411CA2CEA /* Other Sources */ = {
			isa = PBXGroup;
			children = (
				256AC3F00F4B6AF500CF3369 /* MilkMaid_Prefix.pch */,
				29B97316FDCFA39411CA2CEA /* main.m */,
			);
			name = "Other Sources";
			sourceTree = "<group>";
		};
		29B97317FDCFA39411CA2CEA /* Resources */ = {
			isa = PBXGroup;
			children = (
				C9F45ECB112B727D00F48377 /* priority1.png */,
				C9F45EDC112B74E100F48377 /* priority2.png */,
				C9F45EDD112B74E100F48377 /* priority3.png */,
				C927F87A1120FC1B00EA191B /* rtm2.icns */,
				76F79642111DD45900FD7EFB /* dsa_pub.pem */,
				C9AF203D1116A44D00BC2280 /* rtm.icns */,
				8D1107310486CEB800E47090 /* MilkMaid-Info.plist */,
				089C165CFE840E0CC02AAC07 /* InfoPlist.strings */,
				1DDD58140DA1D0A300B32029 /* MainMenu.xib */,
				C9FBE61E1123D73300115FFF /* SingleInput.xib */,
				767A8742112AF51E00A77326 /* MultiAdd.xib */,
				762EAB04113AD8FF0093921D /* MilkMaid.xib */,
				76DF8421113B687400B2A3B2 /* ComboInput.xib */,
			);
			name = Resources;
			sourceTree = "<group>";
		};
		29B97323FDCFA39411CA2CEA /* Frameworks */ = {
			isa = PBXGroup;
			children = (
				1058C7A0FEA54F0111CA2CBB /* Linked Frameworks */,
				1058C7A2FEA54F0111CA2CBB /* Other Frameworks */,
			);
			name = Frameworks;
			sourceTree = "<group>";
		};
		76EA44B11111682E00E10B8A /* JSON */ = {
			isa = PBXGroup;
			children = (
				76EA44B21111682E00E10B8A /* JSON.h */,
				76EA44B31111682E00E10B8A /* NSObject+SBJSON.h */,
				76EA44B41111682E00E10B8A /* NSObject+SBJSON.m */,
				76EA44B51111682E00E10B8A /* NSString+SBJSON.h */,
				76EA44B61111682E00E10B8A /* NSString+SBJSON.m */,
				76EA44B71111682E00E10B8A /* SBJSON.h */,
				76EA44B81111682E00E10B8A /* SBJSON.m */,
				76EA44B91111682E00E10B8A /* SBJsonBase.h */,
				76EA44BA1111682E00E10B8A /* SBJsonBase.m */,
				76EA44BB1111682E00E10B8A /* SBJsonParser.h */,
				76EA44BC1111682E00E10B8A /* SBJsonParser.m */,
				76EA44BD1111682E00E10B8A /* SBJsonWriter.h */,
				76EA44BE1111682E00E10B8A /* SBJsonWriter.m */,
			);
			path = JSON;
			sourceTree = "<group>";
		};
/* End PBXGroup section */

/* Begin PBXNativeTarget section */
		8D1107260486CEB800E47090 /* MilkMaid */ = {
			isa = PBXNativeTarget;
			buildConfigurationList = C01FCF4A08A954540054247B /* Build configuration list for PBXNativeTarget "MilkMaid" */;
			buildPhases = (
				8D1107290486CEB800E47090 /* Resources */,
				8D11072C0486CEB800E47090 /* Sources */,
				8D11072E0486CEB800E47090 /* Frameworks */,
				76EA44921111653100E10B8A /* CopyFiles */,
			);
			buildRules = (
			);
			dependencies = (
			);
			name = MilkMaid;
			productInstallPath = "$(HOME)/Applications";
			productName = MilkMaid;
			productReference = 761FD26D1129B7CE00A06E9B /* MilkMaid.app */;
			productType = "com.apple.product-type.application";
		};
/* End PBXNativeTarget section */

/* Begin PBXProject section */
		29B97313FDCFA39411CA2CEA /* Project object */ = {
			isa = PBXProject;
			attributes = {
				ORGANIZATIONNAME = JGA;
			};
			buildConfigurationList = C01FCF4E08A954540054247B /* Build configuration list for PBXProject "MilkMaid" */;
			compatibilityVersion = "Xcode 3.1";
			hasScannedForEncodings = 1;
			mainGroup = 29B97314FDCFA39411CA2CEA /* MilkMaid */;
			projectDirPath = "";
			projectRoot = "";
			targets = (
				8D1107260486CEB800E47090 /* MilkMaid */,
			);
		};
/* End PBXProject section */

/* Begin PBXResourcesBuildPhase section */
		8D1107290486CEB800E47090 /* Resources */ = {
			isa = PBXResourcesBuildPhase;
			buildActionMask = 2147483647;
			files = (
				8D11072B0486CEB800E47090 /* InfoPlist.strings in Resources */,
				1DDD58160DA1D0A300B32029 /* MainMenu.xib in Resources */,
				C9AF203E1116A44D00BC2280 /* rtm.icns in Resources */,
				76F79643111DD45900FD7EFB /* dsa_pub.pem in Resources */,
				C927F87B1120FC1B00EA191B /* rtm2.icns in Resources */,
				C9FBE61F1123D73300115FFF /* SingleInput.xib in Resources */,
				767A8743112AF51E00A77326 /* MultiAdd.xib in Resources */,
				C9F45ECC112B727E00F48377 /* priority1.png in Resources */,
				C9F45EDE112B74E100F48377 /* priority2.png in Resources */,
				C9F45EDF112B74E100F48377 /* priority3.png in Resources */,
				762EAB05113AD8FF0093921D /* MilkMaid.xib in Resources */,
				76DF8422113B687400B2A3B2 /* ComboInput.xib in Resources */,
			);
			runOnlyForDeploymentPostprocessing = 0;
		};
/* End PBXResourcesBuildPhase section */

/* Begin PBXSourcesBuildPhase section */
		8D11072C0486CEB800E47090 /* Sources */ = {
			isa = PBXSourcesBuildPhase;
			buildActionMask = 2147483647;
			files = (
				8D11072D0486CEB800E47090 /* main.m in Sources */,
				256AC3DA0F4B6AC300CF3369 /* MilkMaidAppDelegate.m in Sources */,
				76EA44A4111167A500E10B8A /* EVRZRtmApi.m in Sources */,
				76EA44BF1111682E00E10B8A /* NSObject+SBJSON.m in Sources */,
				76EA44C01111682E00E10B8A /* NSString+SBJSON.m in Sources */,
				76EA44C11111682E00E10B8A /* SBJSON.m in Sources */,
				76EA44C21111682E00E10B8A /* SBJsonBase.m in Sources */,
				76EA44C31111682E00E10B8A /* SBJsonParser.m in Sources */,
				76EA44C41111682E00E10B8A /* SBJsonWriter.m in Sources */,
				C9041E77111280A200D0C6A3 /* RTMHelper.m in Sources */,
				C9F70849111653CE00D3BB5B /* YRKSpinningProgressIndicator.m in Sources */,
				C9AF1F771116999500BC2280 /* TransparentTableViewCell.m in Sources */,
				C9A02F2C111BF11F00ACBFE1 /* NSDateHelper.m in Sources */,
				C9FBE6251123D98600115FFF /* SingleInputWindowController.m in Sources */,
				767A8758112AF58E00A77326 /* MultiAddWindowController.m in Sources */,
				762EAA2B113ACB8E0093921D /* MilkMaidWindowController.m in Sources */,
				C9C148F0113B1AA400F292B7 /* MilkMaidPanel.m in Sources */,
				76DF8434113B693900B2A3B2 /* ComboInputWindowController.m in Sources */,
			);
			runOnlyForDeploymentPostprocessing = 0;
		};
/* End PBXSourcesBuildPhase section */

/* Begin PBXVariantGroup section */
		089C165CFE840E0CC02AAC07 /* InfoPlist.strings */ = {
			isa = PBXVariantGroup;
			children = (
				089C165DFE840E0CC02AAC07 /* English */,
			);
			name = InfoPlist.strings;
			sourceTree = "<group>";
		};
		1DDD58140DA1D0A300B32029 /* MainMenu.xib */ = {
			isa = PBXVariantGroup;
			children = (
				1DDD58150DA1D0A300B32029 /* English */,
			);
			name = MainMenu.xib;
			sourceTree = "<group>";
		};
/* End PBXVariantGroup section */

/* Begin XCBuildConfiguration section */
		C01FCF4B08A954540054247B /* Debug */ = {
			isa = XCBuildConfiguration;
			buildSettings = {
				ALWAYS_SEARCH_USER_PATHS = NO;
				COPY_PHASE_STRIP = NO;
				FRAMEWORK_SEARCH_PATHS = (
					"$(inherited)",
					"\"$(SRCROOT)/../../../lib/BWToolkit\"",
					"\"$(SRCROOT)\"",
				);
				GCC_DYNAMIC_NO_PIC = NO;
				GCC_ENABLE_FIX_AND_CONTINUE = YES;
				GCC_MODEL_TUNING = G5;
				GCC_OPTIMIZATION_LEVEL = 0;
				GCC_PRECOMPILE_PREFIX_HEADER = YES;
				GCC_PREFIX_HEADER = MilkMaid_Prefix.pch;
				INFOPLIST_FILE = "MilkMaid-Info.plist";
				INSTALL_PATH = "$(HOME)/Applications";
				PRODUCT_NAME = MilkMaid;
			};
			name = Debug;
		};
		C01FCF4C08A954540054247B /* Release */ = {
			isa = XCBuildConfiguration;
			buildSettings = {
				ALWAYS_SEARCH_USER_PATHS = NO;
				DEBUG_INFORMATION_FORMAT = "dwarf-with-dsym";
				FRAMEWORK_SEARCH_PATHS = (
					"$(inherited)",
					"\"$(SRCROOT)/../../../lib/BWToolkit\"",
					"\"$(SRCROOT)\"",
				);
				GCC_MODEL_TUNING = G5;
				GCC_PRECOMPILE_PREFIX_HEADER = YES;
				GCC_PREFIX_HEADER = MilkMaid_Prefix.pch;
				INFOPLIST_FILE = "MilkMaid-Info.plist";
				INSTALL_PATH = "$(HOME)/Applications";
				PRODUCT_NAME = MilkMaid;
			};
			name = Release;
		};
		C01FCF4F08A954540054247B /* Debug */ = {
			isa = XCBuildConfiguration;
			buildSettings = {
				ARCHS = "$(ARCHS_STANDARD_32_64_BIT)";
				GCC_C_LANGUAGE_STANDARD = gnu99;
				GCC_OPTIMIZATION_LEVEL = 0;
				GCC_WARN_ABOUT_RETURN_TYPE = YES;
				GCC_WARN_UNUSED_VARIABLE = YES;
				ONLY_ACTIVE_ARCH = YES;
				PREBINDING = NO;
				SDKROOT = macosx10.5;
			};
			name = Debug;
		};
		C01FCF5008A954540054247B /* Release */ = {
			isa = XCBuildConfiguration;
			buildSettings = {
				ARCHS = "$(ARCHS_STANDARD_32_64_BIT)";
				GCC_C_LANGUAGE_STANDARD = gnu99;
				GCC_WARN_ABOUT_RETURN_TYPE = YES;
				GCC_WARN_UNUSED_VARIABLE = YES;
				PREBINDING = NO;
				SDKROOT = macosx10.5;
			};
			name = Release;
		};
/* End XCBuildConfiguration section */

/* Begin XCConfigurationList section */
		C01FCF4A08A954540054247B /* Build configuration list for PBXNativeTarget "MilkMaid" */ = {
			isa = XCConfigurationList;
			buildConfigurations = (
				C01FCF4B08A954540054247B /* Debug */,
				C01FCF4C08A954540054247B /* Release */,
			);
			defaultConfigurationIsVisible = 0;
			defaultConfigurationName = Release;
		};
		C01FCF4E08A954540054247B /* Build configuration list for PBXProject "MilkMaid" */ = {
			isa = XCConfigurationList;
			buildConfigurations = (
				C01FCF4F08A954540054247B /* Debug */,
				C01FCF5008A954540054247B /* Release */,
			);
			defaultConfigurationIsVisible = 0;
			defaultConfigurationName = Release;
		};
/* End XCConfigurationList section */
	};
	rootObject = 29B97313FDCFA39411CA2CEA /* Project object */;
}
